{
  "pins" : [
    {
      "identity" : "async-http-client",
      "kind" : "remoteSourceControl",
      "location" : "https://github.com/swift-server/async-http-client.git",
      "state" : {
        "revision" : "7a4dfe026f6ee0f8ad741b58df74c60af296365d",
        "version" : "1.9.0"
      }
    },
    {
      "identity" : "sdk-for-apple",
      "kind" : "remoteSourceControl",
      "location" : "https://github.com/appwrite/sdk-for-apple",
      "state" : {
        "revision" : "42e094f86c39f3bc28e4d4eda1b994a95d5e772c",
        "version" : "0.6.0"
      }
    },
    {
      "identity" : "swift-log",
      "kind" : "remoteSourceControl",
      "location" : "https://github.com/apple/swift-log.git",
      "state" : {
        "revision" : "5d66f7ba25daf4f94100e7022febf3c75e37a6c7",
        "version" : "1.4.2"
      }
    },
    {
      "identity" : "swift-nio",
      "kind" : "remoteSourceControl",
      "location" : "https://github.com/apple/swift-nio.git",
      "state" : {
        "revision" : "154f1d32366449dcccf6375a173adf4ed2a74429",
        "version" : "2.38.0"
      }
    },
    {
      "identity" : "swift-nio-extras",
      "kind" : "remoteSourceControl",
      "location" : "https://github.com/apple/swift-nio-extras.git",
      "state" : {
        "revision" : "f73ca5ee9c6806800243f1ac415fcf82de9a4c91",
        "version" : "1.10.2"
      }
    },
    {
      "identity" : "swift-nio-http2",
      "kind" : "remoteSourceControl",
      "location" : "https://github.com/apple/swift-nio-http2.git",
      "state" : {
        "revision" : "000ca94f9de92c95b9ac85d44600b7b0fe25a3e5",
        "version" : "1.19.2"
      }
    },
    {
      "identity" : "swift-nio-ssl",
      "kind" : "remoteSourceControl",
      "location" : "https://github.com/apple/swift-nio-ssl.git",
      "state" : {
        "revision" : "52a486ff6de9bc3e26bf634c5413c41c5fa89ca5",
        "version" : "2.17.2"
      }
    },
    {
      "identity" : "swift-nio-transport-services",
      "kind" : "remoteSourceControl",
      "location" : "https://github.com/apple/swift-nio-transport-services.git",
      "state" : {
        "revision" : "8ab824b140d0ebcd87e9149266ddc353e3705a3e",
        "version" : "1.11.4"
      }
    }
  ],
  "version" : 2
}
